
Microsoft Visual Studio Solution File, Format Version 12.00
# Visual Studio Version 16
VisualStudioVersion = 16.0.31729.503
MinimumVisualStudioVersion = 10.0.40219.1
Project("{FAE04EC0-301F-11D3-BF4B-00C04F79EFBC}") = "LabManagmentSystem", "LabManagmentSystem\LabManagmentSystem.csproj", "{AE02DBE8-228C-4FC5-9989-BD8387AABC1F}"
EndProject
Global
	GlobalSection(SolutionConfigurationPlatforms) = preSolution
		Debug|Any CPU = Debug|Any CPU
		Release|Any CPU = Release|Any CPU
	EndGlobalSection
	GlobalSection(ProjectConfigurationPlatforms) = postSolution
		{AE02DBE8-228C-4FC5-9989-BD8387AABC1F}.Debug|Any CPU.ActiveCfg = Debug|Any CPU
		{AE02DBE8-228C-4FC5-9989-BD8387AABC1F}.Debug|Any CPU.Build.0 = Debug|Any CPU
		{AE02DBE8-228C-4FC5-9989-BD8387AABC1F}.Release|Any CPU.ActiveCfg = Release|Any CPU
		{AE02DBE8-228C-4FC5-9989-BD8387AABC1F}.Release|Any CPU.Build.0 = Release|Any CPU
	EndGlobalSection
	GlobalSection(SolutionProperties) = preSolution
		HideSolutionNode = FALSE
	EndGlobalSection
	GlobalSection(ExtensibilityGlobals) = postSolution
		SolutionGuid = {466AE98F-3C58-4185-895E-3B54FC340457}
	EndGlobalSection
EndGlobal
